// !$*UTF8*$!
{
	archiveVersion = 1;
	classes = {
	};
	objectVersion = 55;
	objects = {

/* Begin PBXBuildFile section */
		CCE9F871270DB3D400E9BDD5 /* AppDelegate.swift in Sources */ = {isa = PBXBuildFile; fileRef = CCE9F870270DB3D400E9BDD5 /* AppDelegate.swift */; };
		CCE9F873270DB3D400E9BDD5 /* SceneDelegate.swift in Sources */ = {isa = PBXBuildFile; fileRef = CCE9F872270DB3D400E9BDD5 /* SceneDelegate.swift */; };
		CCE9F875270DB3D400E9BDD5 /* ViewController.swift in Sources */ = {isa = PBXBuildFile; fileRef = CCE9F874270DB3D400E9BDD5 /* ViewController.swift */; };
		CCE9F878270DB3D400E9BDD5 /* Main.storyboard in Resources */ = {isa = PBXBuildFile; fileRef = CCE9F876270DB3D400E9BDD5 /* Main.storyboard */; };
		CCE9F87B270DB3D400E9BDD5 /* photoAPP.xcdatamodeld in Sources */ = {isa = PBXBuildFile; fileRef = CCE9F879270DB3D400E9BDD5 /* photoAPP.xcdatamodeld */; };
		CCE9F87D270DB3D800E9BDD5 /* Assets.xcassets in Resources */ = {isa = PBXBuildFile; fileRef = CCE9F87C270DB3D800E9BDD5 /* Assets.xcassets */; };
		CCE9F880270DB3D800E9BDD5 /* LaunchScreen.storyboard in Resources */ = {isa = PBXBuildFile; fileRef = CCE9F87E270DB3D800E9BDD5 /* LaunchScreen.storyboard */; };
		CCE9F888270EC5BA00E9BDD5 /* photoViewController.swift in Sources */ = {isa = PBXBuildFile; fileRef = CCE9F887270EC5BA00E9BDD5 /* photoViewController.swift */; };
/* End PBXBuildFile section */

/* Begin PBXFileReference section */
		CCE9F86D270DB3D400E9BDD5 /* photoAPP.app */ = {isa = PBXFileReference; explicitFileType = wrapper.application; includeInIndex = 0; path = photoAPP.app; sourceTree = BUILT_PRODUCTS_DIR; };
		CCE9F870270DB3D400E9BDD5 /* AppDelegate.swift */ = {isa = PBXFileReference; lastKnownFileType = sourcecode.swift; path = AppDelegate.swift; sourceTree = "<group>"; };
		CCE9F872270DB3D400E9BDD5 /* SceneDelegate.swift */ = {isa = PBXFileReference; lastKnownFileType = sourcecode.swift; path = SceneDelegate.swift; sourceTree = "<group>"; };
		CCE9F874270DB3D400E9BDD5 /* ViewController.swift */ = {isa = PBXFileReference; lastKnownFileType = sourcecode.swift; path = ViewController.swift; sourceTree = "<group>"; };
		CCE9F877270DB3D400E9BDD5 /* Base */ = {isa = PBXFileReference; lastKnownFileType = file.storyboard; name = Base; path = Base.lproj/Main.storyboard; sourceTree = "<group>"; };
		CCE9F87A270DB3D400E9BDD5 /* photoAPP.xcdatamodel */ = {isa = PBXFileReference; lastKnownFileType = wrapper.xcdatamodel; path = photoAPP.xcdatamodel; sourceTree = "<group>"; };
		CCE9F87C270DB3D800E9BDD5 /* Assets.xcassets */ = {isa = PBXFileReference; lastKnownFileType = folder.assetcatalog; path = Assets.xcassets; sourceTree = "<group>"; };
		CCE9F87F270DB3D800E9BDD5 /* Base */ = {isa = PBXFileReference; lastKnownFileType = file.storyboard; name = Base; path = Base.lproj/LaunchScreen.storyboard; sourceTree = "<group>"; };
		CCE9F881270DB3D800E9BDD5 /* Info.plist */ = {isa = PBXFileReference; lastKnownFileType = text.plist.xml; path = Info.plist; sourceTree = "<group>"; };
		CCE9F887270EC5BA00E9BDD5 /* photoViewController.swift */ = {isa = PBXFileReference; lastKnownFileType = sourcecode.swift; path = photoViewController.swift; sourceTree = "<group>"; };
/* End PBXFileReference section */

/* Begin PBXFrameworksBuildPhase section */
		CCE9F86A270DB3D400E9BDD5 /* Frameworks */ = {
			isa = PBXFrameworksBuildPhase;
			buildActionMask = 2147483647;
			files = (
			);
			runOnlyForDeploymentPostprocessing = 0;
		};
/* End PBXFrameworksBuildPhase section */

/* Begin PBXGroup section */
		CCE9F864270DB3D400E9BDD5 = {
			isa = PBXGroup;
			children = (
				CCE9F86F270DB3D400E9BDD5 /* photoAPP */,
				CCE9F86E270DB3D400E9BDD5 /* Products */,
			);
			sourceTree = "<group>";
		};
		CCE9F86E270DB3D400E9BDD5 /* Products */ = {
			isa = PBXGroup;
			children = (
				CCE9F86D270DB3D400E9BDD5 /* photoAPP.app */,
			);
			name = Products;
			sourceTree = "<group>";
		};
		CCE9F86F270DB3D400E9BDD5 /* photoAPP */ = {
			isa = PBXGroup;
			children = (
				CCE9F870270DB3D400E9BDD5 /* AppDelegate.swift */,
				CCE9F872270DB3D400E9BDD5 /* SceneDelegate.swift */,
				CCE9F874270DB3D400E9BDD5 /* ViewController.swift */,
				CCE9F876270DB3D400E9BDD5 /* Main.storyboard */,
				CCE9F887270EC5BA00E9BDD5 /* photoViewController.swift */,
				CCE9F87C270DB3D800E9BDD5 /* Assets.xcassets */,
				CCE9F87E270DB3D800E9BDD5 /* LaunchScreen.storyboard */,
				CCE9F881270DB3D800E9BDD5 /* Info.plist */,
				CCE9F879270DB3D400E9BDD5 /* photoAPP.xcdatamodeld */,
			);
			path = photoAPP;
			sourceTree = "<group>";
		};
/* End PBXGroup section */

/* Begin PBXNativeTarget section */
		CCE9F86C270DB3D400E9BDD5 /* photoAPP */ = {
			isa = PBXNativeTarget;
			buildConfigurationList = CCE9F884270DB3D800E9BDD5 /* Build configuration list for PBXNativeTarget "photoAPP" */;
			buildPhases = (
				CCE9F869270DB3D400E9BDD5 /* Sources */,
				CCE9F86A270DB3D400E9BDD5 /* Frameworks */,
				CCE9F86B270DB3D400E9BDD5 /* Resources */,
			);
			buildRules = (
			);
			dependencies = (
			);
			name = photoAPP;
			productName = photoAPP;
			productReference = CCE9F86D270DB3D400E9BDD5 /* photoAPP.app */;
			productType = "com.apple.product-type.application";
		};
/* End PBXNativeTarget section */

/* Begin PBXProject section */
		CCE9F865270DB3D400E9BDD5 /* Project object */ = {
			isa = PBXProject;
			attributes = {
				BuildIndependentTargetsInParallel = 1;
				LastSwiftUpdateCheck = 1300;
				LastUpgradeCheck = 1300;
				TargetAttributes = {
					CCE9F86C270DB3D400E9BDD5 = {
						CreatedOnToolsVersion = 13.0;
					};
				};
			};
			buildConfigurationList = CCE9F868270DB3D400E9BDD5 /* Build configuration list for PBXProject "photoAPP" */;
			compatibilityVersion = "Xcode 13.0";
			developmentRegion = en;
			hasScannedForEncodings = 0;
			knownRegions = (
				en,
				Base,
			);
			mainGroup = CCE9F864270DB3D400E9BDD5;
			productRefGroup = CCE9F86E270DB3D400E9BDD5 /* Products */;
			projectDirPath = "";
			projectRoot = "";
			targets = (
				CCE9F86C270DB3D400E9BDD5 /* photoAPP */,
			);
		};
/* End PBXProject section */

/* Begin PBXResourcesBuildPhase section */
		CCE9F86B270DB3D400E9BDD5 /* Resources */ = {
			isa = PBXResourcesBuildPhase;
			buildActionMask = 2147483647;
			files = (
				CCE9F880270DB3D800E9BDD5 /* LaunchScreen.storyboard in Resources */,
				CCE9F87D270DB3D800E9BDD5 /* Assets.xcassets in Resources */,
				CCE9F878270DB3D400E9BDD5 /* Main.storyboard in Resources */,
			);
			runOnlyForDeploymentPostprocessing = 0;
		};
/* End PBXResourcesBuildPhase section */

/* Begin PBXSourcesBuildPhase section */
		CCE9F869270DB3D400E9BDD5 /* Sources */ = {
			isa = PBXSourcesBuildPhase;
			buildActionMask = 2147483647;
			files = (
				CCE9F888270EC5BA00E9BDD5 /* photoViewController.swift in Sources */,
				CCE9F87B270DB3D400E9BDD5 /* photoAPP.xcdatamodeld in Sources */,
				CCE9F875270DB3D400E9BDD5 /* ViewController.swift in Sources */,
				CCE9F871270DB3D400E9BDD5 /* AppDelegate.swift in Sources */,
				CCE9F873270DB3D400E9BDD5 /* SceneDelegate.swift in Sources */,
			);
			runOnlyForDeploymentPostprocessing = 0;
		};
/* End PBXSourcesBuildPhase section */

/* Begin PBXVariantGroup section */
		CCE9F876270DB3D400E9BDD5 /* Main.storyboard */ = {
			isa = PBXVariantGroup;
			children = (
				CCE9F877270DB3D400E9BDD5 /* Base */,
			);
			name = Main.storyboard;
			sourceTree = "<group>";
		};
		CCE9F87E270DB3D800E9BDD5 /* LaunchScreen.storyboard */ = {
			isa = PBXVariantGroup;
			children = (
				CCE9F87F270DB3D800E9BDD5 /* Base */,
			);
			name = LaunchScreen.storyboard;
			sourceTree = "<group>";
		};
/* End PBXVariantGroup section */

/* Begin XCBuildConfiguration section */
		CCE9F882270DB3D800E9BDD5 /* Debug */ = {
			isa = XCBuildConfiguration;
			buildSettings = {
				ALWAYS_SEARCH_USER_PATHS = NO;
				CLANG_ANALYZER_NONNULL = YES;
				CLANG_ANALYZER_NUMBER_OBJECT_CONVERSION = YES_AGGRESSIVE;
				CLANG_CXX_LANGUAGE_STANDARD = "gnu++17";
				CLANG_CXX_LIBRARY = "libc++";
				CLANG_ENABLE_MODULES = YES;
				CLANG_ENABLE_OBJC_ARC = YES;
				CLANG_ENABLE_OBJC_WEAK = YES;
				CLANG_WARN_BLOCK_CAPTURE_AUTORELEASING = YES;
				CLANG_WARN_BOOL_CONVERSION = YES;
				CLANG_WARN_COMMA = YES;
				CLANG_WARN_CONSTANT_CONVERSION = YES;
				CLANG_WARN_DEPRECATED_OBJC_IMPLEMENTATIONS = YES;
				CLANG_WARN_DIRECT_OBJC_ISA_USAGE = YES_ERROR;
				CLANG_WARN_DOCUMENTATION_COMMENTS = YES;
				CLANG_WARN_EMPTY_BODY = YES;
				CLANG_WARN_ENUM_CONVERSION = YES;
				CLANG_WARN_INFINITE_RECURSION = YES;
				CLANG_WARN_INT_CONVERSION = YES;
				CLANG_WARN_NON_LITERAL_NULL_CONVERSION = YES;
				CLANG_WARN_OBJC_IMPLICIT_RETAIN_SELF = YES;
				CLANG_WARN_OBJC_LITERAL_CONVERSION = YES;
				CLANG_WARN_OBJC_ROOT_CLASS = YES_ERROR;
				CLANG_WARN_QUOTED_INCLUDE_IN_FRAMEWORK_HEADER = YES;
				CLANG_WARN_RANGE_LOOP_ANALYSIS = YES;
				CLANG_WARN_STRICT_PROTOTYPES = YES;
				CLANG_WARN_SUSPICIOUS_MOVE = YES;
				CLANG_WARN_UNGUARDED_AVAILABILITY = YES_AGGRESSIVE;
				CLANG_WARN_UNREACHABLE_CODE = YES;
				CLANG_WARN__DUPLICATE_METHOD_MATCH = YES;
				COPY_PHASE_STRIP = NO;
				DEBUG_INFORMATION_FORMAT = dwarf;
				ENABLE_STRICT_OBJC_MSGSEND = YES;
				ENABLE_TESTABILITY = YES;
				GCC_C_LANGUAGE_STANDARD = gnu11;
				GCC_DYNAMIC_NO_PIC = NO;
				GCC_NO_COMMON_BLOCKS = YES;
				GCC_OPTIMIZATION_LEVEL = 0;
				GCC_PREPROCESSOR_DEFINITIONS = (
					"DEBUG=1",
					"$(inherited)",
				);
				GCC_WARN_64_TO_32_BIT_CONVERSION = YES;
				GCC_WARN_ABOUT_RETURN_TYPE = YES_ERROR;
				GCC_WARN_UNDECLARED_SELECTOR = YES;
				GCC_WARN_UNINITIALIZED_AUTOS = YES_AGGRESSIVE;
				GCC_WARN_UNUSED_FUNCTION = YES;
				GCC_WARN_UNUSED_VARIABLE = YES;
				IPHONEOS_DEPLOYMENT_TARGET = 15.0;
				MTL_ENABLE_DEBUG_INFO = INCLUDE_SOURCE;
				MTL_FAST_MATH = YES;
				ONLY_ACTIVE_ARCH = YES;
				SDKROOT = iphoneos;
				SWIFT_ACTIVE_COMPILATION_CONDITIONS = DEBUG;
				SWIFT_OPTIMIZATION_LEVEL = "-Onone";
			};
			name = Debug;
		};
		CCE9F883270DB3D800E9BDD5 /* Release */ = {
			isa = XCBuildConfiguration;
			buildSettings = {
				ALWAYS_SEARCH_USER_PATHS = NO;
				CLANG_ANALYZER_NONNULL = YES;
				CLANG_ANALYZER_NUMBER_OBJECT_CONVERSION = YES_AGGRESSIVE;
				CLANG_CXX_LANGUAGE_STANDARD = "gnu++17";
				CLANG_CXX_LIBRARY = "libc++";
				CLANG_ENABLE_MODULES = YES;
				CLANG_ENABLE_OBJC_ARC = YES;
				CLANG_ENABLE_OBJC_WEAK = YES;
				CLANG_WARN_BLOCK_CAPTURE_AUTORELEASING = YES;
				CLANG_WARN_BOOL_CONVERSION = YES;
				CLANG_WARN_COMMA = YES;
				CLANG_WARN_CONSTANT_CONVERSION = YES;
				CLANG_WARN_DEPRECATED_OBJC_IMPLEMENTATIONS = YES;
				CLANG_WARN_DIRECT_OBJC_ISA_USAGE = YES_ERROR;
				CLANG_WARN_DOCUMENTATION_COMMENTS = YES;
				CLANG_WARN_EMPTY_BODY = YES;
				CLANG_WARN_ENUM_CONVERSION = YES;
				CLANG_WARN_INFINITE_RECURSION = YES;
				CLANG_WARN_INT_CONVERSION = YES;
				CLANG_WARN_NON_LITERAL_NULL_CONVERSION = YES;
				CLANG_WARN_OBJC_IMPLICIT_RETAIN_SELF = YES;
				CLANG_WARN_OBJC_LITERAL_CONVERSION = YES;
				CLANG_WARN_OBJC_ROOT_CLASS = YES_ERROR;
				CLANG_WARN_QUOTED_INCLUDE_IN_FRAMEWORK_HEADER = YES;
				CLANG_WARN_RANGE_LOOP_ANALYSIS = YES;
				CLANG_WARN_STRICT_PROTOTYPES = YES;
				CLANG_WARN_SUSPICIOUS_MOVE = YES;
				CLANG_WARN_UNGUARDED_AVAILABILITY = YES_AGGRESSIVE;
				CLANG_WARN_UNREACHABLE_CODE = YES;
				CLANG_WARN__DUPLICATE_METHOD_MATCH = YES;
				COPY_PHASE_STRIP = NO;
				DEBUG_INFORMATION_FORMAT = "dwarf-with-dsym";
				ENABLE_NS_ASSERTIONS = NO;
				ENABLE_STRICT_OBJC_MSGSEND = YES;
				GCC_C_LANGUAGE_STANDARD = gnu11;
				GCC_NO_COMMON_BLOCKS = YES;
				GCC_WARN_64_TO_32_BIT_CONVERSION = YES;
				GCC_WARN_ABOUT_RETURN_TYPE = YES_ERROR;
				GCC_WARN_UNDECLARED_SELECTOR = YES;
				GCC_WARN_UNINITIALIZED_AUTOS = YES_AGGRESSIVE;
				GCC_WARN_UNUSED_FUNCTION = YES;
				GCC_WARN_UNUSED_VARIABLE = YES;
				IPHONEOS_DEPLOYMENT_TARGET = 15.0;
				MTL_ENABLE_DEBUG_INFO = NO;
				MTL_FAST_MATH = YES;
				SDKROOT = iphoneos;
				SWIFT_COMPILATION_MODE = wholemodule;
				SWIFT_OPTIMIZATION_LEVEL = "-O";
				VALIDATE_PRODUCT = YES;
			};
			name = Release;
		};
		CCE9F885270DB3D800E9BDD5 /* Debug */ = {
			isa = XCBuildConfiguration;
			buildSettings = {
				ASSETCATALOG_COMPILER_APPICON_NAME = AppIcon;
				ASSETCATALOG_COMPILER_GLOBAL_ACCENT_COLOR_NAME = AccentColor;
				CODE_SIGN_STYLE = Automatic;
				CURRENT_PROJECT_VERSION = 1;
				DEVELOPMENT_TEAM = VP4GBKDNYR;
				GENERATE_INFOPLIST_FILE = YES;
				INFOPLIST_FILE = photoAPP/Info.plist;
				INFOPLIST_KEY_UIApplicationSupportsIndirectInputEvents = YES;
				INFOPLIST_KEY_UILaunchStoryboardName = LaunchScreen;
				INFOPLIST_KEY_UIMainStoryboardFile = Main;
				INFOPLIST_KEY_UISupportedInterfaceOrientations = UIInterfaceOrientationLandscapeLeft;
				INFOPLIST_KEY_UISupportedInterfaceOrientations_iPad = "UIInterfaceOrientationPortrait UIInterfaceOrientationPortraitUpsideDown UIInterfaceOrientationLandscapeLeft UIInterfaceOrientationLandscapeRight";
				INFOPLIST_KEY_UISupportedInterfaceOrientations_iPhone = "UIInterfaceOrientationPortrait UIInterfaceOrientationLandscapeLeft UIInterfaceOrientationLandscapeRight";
				LD_RUNPATH_SEARCH_PATHS = (
					"$(inherited)",
					"@executable_path/Frameworks",
				);
				MARKETING_VERSION = 1.0;
				PRODUCT_BUNDLE_IDENTIFIER = KikiWang.photoAPP;
				PRODUCT_NAME = "$(TARGET_NAME)";
				SWIFT_EMIT_LOC_STRINGS = YES;
				SWIFT_VERSION = 5.0;
				TARGETED_DEVICE_FAMILY = "1,2";
			};
			name = Debug;
		};
		CCE9F886270DB3D800E9BDD5 /* Release */ = {
			isa = XCBuildConfiguration;
			buildSettings = {
				ASSETCATALOG_COMPILER_APPICON_NAME = AppIcon;
				ASSETCATALOG_COMPILER_GLOBAL_ACCENT_COLOR_NAME = AccentColor;
				CODE_SIGN_STYLE = Automatic;
				CURRENT_PROJECT_VERSION = 1;
				DEVELOPMENT_TEAM = VP4GBKDNYR;
				GENERATE_INFOPLIST_FILE = YES;
				INFOPLIST_FILE = photoAPP/Info.plist;
				INFOPLIST_KEY_UIApplicationSupportsIndirectInputEvents = YES;
				INFOPLIST_KEY_UILaunchStoryboardName = LaunchScreen;
				INFOPLIST_KEY_UIMainStoryboardFile = Main;
				INFOPLIST_KEY_UISupportedInterfaceOrientations = UIInterfaceOrientationLandscapeLeft;
				INFOPLIST_KEY_UISupportedInterfaceOrientations_iPad = "UIInterfaceOrientationPortrait UIInterfaceOrientationPortraitUpsideDown UIInterfaceOrientationLandscapeLeft UIInterfaceOrientationLandscapeRight";
				INFOPLIST_KEY_UISupportedInterfaceOrientations_iPhone = "UIInterfaceOrientationPortrait UIInterfaceOrientationLandscapeLeft UIInterfaceOrientationLandscapeRight";
				LD_RUNPATH_SEARCH_PATHS = (
					"$(inherited)",
					"@executable_path/Frameworks",
				);
				MARKETING_VERSION = 1.0;
				PRODUCT_BUNDLE_IDENTIFIER = KikiWang.photoAPP;
				PRODUCT_NAME = "$(TARGET_NAME)";
				SWIFT_EMIT_LOC_STRINGS = YES;
				SWIFT_VERSION = 5.0;
				TARGETED_DEVICE_FAMILY = "1,2";
			};
			name = Release;
		};
/* End XCBuildConfiguration section */

/* Begin XCConfigurationList section */
		CCE9F868270DB3D400E9BDD5 /* Build configuration list for PBXProject "photoAPP" */ = {
			isa = XCConfigurationList;
			buildConfigurations = (
				CCE9F882270DB3D800E9BDD5 /* Debug */,
				CCE9F883270DB3D800E9BDD5 /* Release */,
			);
			defaultConfigurationIsVisible = 0;
			defaultConfigurationName = Release;
		};
		CCE9F884270DB3D800E9BDD5 /* Build configuration list for PBXNativeTarget "photoAPP" */ = {
			isa = XCConfigurationList;
			buildConfigurations = (
				CCE9F885270DB3D800E9BDD5 /* Debug */,
				CCE9F886270DB3D800E9BDD5 /* Release */,
			);
			defaultConfigurationIsVisible = 0;
			defaultConfigurationName = Release;
		};
/* End XCConfigurationList section */

/* Begin XCVersionGroup section */
		CCE9F879270DB3D400E9BDD5 /* photoAPP.xcdatamodeld */ = {
			isa = XCVersionGroup;
			children = (
				CCE9F87A270DB3D400E9BDD5 /* photoAPP.xcdatamodel */,
			);
			currentVersion = CCE9F87A270DB3D400E9BDD5 /* photoAPP.xcdatamodel */;
			path = photoAPP.xcdatamodeld;
			sourceTree = "<group>";
			versionGroupType = wrapper.xcdatamodel;
		};
/* End XCVersionGroup section */
	};
	rootObject = CCE9F865270DB3D400E9BDD5 /* Project object */;
}
